
Microsoft Visual Studio Solution File, Format Version 10.00
# Visual Studio 2008
Project("{FAE04EC0-301F-11D3-BF4B-00C04F79EFBC}") = "Sprite Demo", "Sprite Demo\Sprite Demo.csproj", "{A857571B-B468-4D8E-AD3C-FF1E75439CA6}"
EndProject
Global
	GlobalSection(SolutionConfigurationPlatforms) = preSolution
		Debug|Any CPU = Debug|Any CPU
		Release|Any CPU = Release|Any CPU
	EndGlobalSection
	GlobalSection(ProjectConfigurationPlatforms) = postSolution
		{A857571B-B468-4D8E-AD3C-FF1E75439CA6}.Debug|Any CPU.ActiveCfg = Debug|Any CPU
		{A857571B-B468-4D8E-AD3C-FF1E75439CA6}.Debug|Any CPU.Build.0 = Debug|Any CPU
		{A857571B-B468-4D8E-AD3C-FF1E75439CA6}.Release|Any CPU.ActiveCfg = Release|Any CPU
		{A857571B-B468-4D8E-AD3C-FF1E75439CA6}.Release|Any CPU.Build.0 = Release|Any CPU
	EndGlobalSection
	GlobalSection(SolutionProperties) = preSolution
		HideSolutionNode = FALSE
	EndGlobalSection
EndGlobal
