
Microsoft Visual Studio Solution File, Format Version 10.00
# Visual Studio 2008
Project("{FAE04EC0-301F-11D3-BF4B-00C04F79EFBC}") = "Rectangles Demo", "Rectangles Demo\Rectangles Demo.csproj", "{794483BA-CE20-4B81-B22E-D4E5582C47C8}"
EndProject
Global
	GlobalSection(SolutionConfigurationPlatforms) = preSolution
		Debug|Any CPU = Debug|Any CPU
		Release|Any CPU = Release|Any CPU
	EndGlobalSection
	GlobalSection(ProjectConfigurationPlatforms) = postSolution
		{794483BA-CE20-4B81-B22E-D4E5582C47C8}.Debug|Any CPU.ActiveCfg = Debug|Any CPU
		{794483BA-CE20-4B81-B22E-D4E5582C47C8}.Debug|Any CPU.Build.0 = Debug|Any CPU
		{794483BA-CE20-4B81-B22E-D4E5582C47C8}.Release|Any CPU.ActiveCfg = Release|Any CPU
		{794483BA-CE20-4B81-B22E-D4E5582C47C8}.Release|Any CPU.Build.0 = Release|Any CPU
	EndGlobalSection
	GlobalSection(SolutionProperties) = preSolution
		HideSolutionNode = FALSE
	EndGlobalSection
EndGlobal
