
Microsoft Visual Studio Solution File, Format Version 10.00
# Visual Studio 2008
Project("{FAE04EC0-301F-11D3-BF4B-00C04F79EFBC}") = "Bitmap Demo", "Bitmap Demo\Bitmap Demo.csproj", "{B4EDF676-98C6-4E1E-AB77-AAE8824BBC38}"
EndProject
Global
	GlobalSection(SolutionConfigurationPlatforms) = preSolution
		Debug|Any CPU = Debug|Any CPU
		Release|Any CPU = Release|Any CPU
	EndGlobalSection
	GlobalSection(ProjectConfigurationPlatforms) = postSolution
		{B4EDF676-98C6-4E1E-AB77-AAE8824BBC38}.Debug|Any CPU.ActiveCfg = Debug|Any CPU
		{B4EDF676-98C6-4E1E-AB77-AAE8824BBC38}.Debug|Any CPU.Build.0 = Debug|Any CPU
		{B4EDF676-98C6-4E1E-AB77-AAE8824BBC38}.Release|Any CPU.ActiveCfg = Release|Any CPU
		{B4EDF676-98C6-4E1E-AB77-AAE8824BBC38}.Release|Any CPU.Build.0 = Release|Any CPU
	EndGlobalSection
	GlobalSection(SolutionProperties) = preSolution
		HideSolutionNode = FALSE
	EndGlobalSection
EndGlobal
